
Microsoft Visual Studio Solution File, Format Version 12.00
# Visual Studio Version 16
VisualStudioVersion = 16.0.29009.5
MinimumVisualStudioVersion = 10.0.40219.1
Project("{FAE04EC0-301F-11D3-BF4B-00C04F79EFBC}") = "ADBinstaller", "ADBinstaller\ADBinstaller.csproj", "{22B87294-532E-4263-A81D-4DFF3DEDF104}"
EndProject
Global
	GlobalSection(SolutionConfigurationPlatforms) = preSolution
		Debug|Any CPU = Debug|Any CPU
		Release|Any CPU = Release|Any CPU
	EndGlobalSection
	GlobalSection(ProjectConfigurationPlatforms) = postSolution
		{22B87294-532E-4263-A81D-4DFF3DEDF104}.Debug|Any CPU.ActiveCfg = Debug|Any CPU
		{22B87294-532E-4263-A81D-4DFF3DEDF104}.Debug|Any CPU.Build.0 = Debug|Any CPU
		{22B87294-532E-4263-A81D-4DFF3DEDF104}.Release|Any CPU.ActiveCfg = Release|Any CPU
		{22B87294-532E-4263-A81D-4DFF3DEDF104}.Release|Any CPU.Build.0 = Release|Any CPU
	EndGlobalSection
	GlobalSection(SolutionProperties) = preSolution
		HideSolutionNode = FALSE
	EndGlobalSection
	GlobalSection(ExtensibilityGlobals) = postSolution
		SolutionGuid = {1A1ED860-B3C7-4F2D-B8BC-5B379EC3B019}
	EndGlobalSection
EndGlobal
